
Microsoft Visual Studio Solution File, Format Version 12.00
# Visual Studio Version 17
VisualStudioVersion = 17.7.34009.444
MinimumVisualStudioVersion = 10.0.40219.1
Project("{FAE04EC0-301F-11D3-BF4B-00C04F79EFBC}") = "AnonChatForm", "AnonChatForm\AnonChatForm.csproj", "{06D83D29-C871-48E3-AC0E-09F1B793EFEE}"
EndProject
Global
	GlobalSection(SolutionConfigurationPlatforms) = preSolution
		Debug|Any CPU = Debug|Any CPU
		Release|Any CPU = Release|Any CPU
	EndGlobalSection
	GlobalSection(ProjectConfigurationPlatforms) = postSolution
		{06D83D29-C871-48E3-AC0E-09F1B793EFEE}.Debug|Any CPU.ActiveCfg = Debug|Any CPU
		{06D83D29-C871-48E3-AC0E-09F1B793EFEE}.Debug|Any CPU.Build.0 = Debug|Any CPU
		{06D83D29-C871-48E3-AC0E-09F1B793EFEE}.Release|Any CPU.ActiveCfg = Release|Any CPU
		{06D83D29-C871-48E3-AC0E-09F1B793EFEE}.Release|Any CPU.Build.0 = Release|Any CPU
	EndGlobalSection
	GlobalSection(SolutionProperties) = preSolution
		HideSolutionNode = FALSE
	EndGlobalSection
	GlobalSection(ExtensibilityGlobals) = postSolution
		SolutionGuid = {83CA8EB2-5C17-410F-936F-658925ED05DF}
	EndGlobalSection
EndGlobal
